# Every id this world has committed (M9.1). An id is a key and never changes;
# a name, label or description may. A thing that goes leaves a tombstone: gone,
# or gone up in another (into). Kept by the editor and by npm run ids; do not
# edit by hand.
ids:
  isle/areas/heights/locations.yaml:
    location: [loc_skerrow_silver_grove, loc_skerrow_tamsin_hut, loc_skerrow_wyrm_barrow, loc_skerrow_headland, loc_skerrow_mage_tower]
  isle/areas/heights/npcs.yaml:
    npc: [npc_tamsin, npc_elowen, npc_garrick]
  isle/areas/hythe/locations.yaml:
    location: [loc_skerrow_harbour, loc_skerrow_reed_cottage, loc_skerrow_green, loc_skerrow_salt_kettle]
  isle/areas/hythe/npcs.yaml:
    npc: [npc_maren, npc_brannoc, npc_pip, npc_wenna]
  isle/areas/shore/locations.yaml:
    location: [loc_skerrow_wreck_strand, loc_skerrow_tidepools, loc_skerrow_cliff_path]
  isle/data/aftermath.yaml:
    aftermath: [asked_about, request_open, befriended, theft_mended_own, theft_mended_caught, broken_promise, promise_kept]
  isle/data/areas.yaml:
    area: [skerrow_hythe, skerrow_shore, skerrow_heights]
  isle/data/economy.yaml:
    resource: [sea, heath, wreck, kelp]
    settlement: [skerrow_hythe, skerrow_heights]
  isle/data/items.yaml:
    item: [marens_key, knife, ship_biscuit, salt_fish, fish_stew, ale, sailcloth, pitch, lamp_oil, rope, rune_key, kelp_salve, heather, kelp, spear, iron_hook, staff, longbow, cutlass, quilted_coat, sealskin_jerkin, scale_vest, ring_shirt, round_shield, conch]
  isle/data/objects.yaml:
    object_type: [strongbox, well, silver_birch, bench, beacon, waystone, coracle, boat]
  isle/data/professions.yaml:
    profession: [innkeeper, fisher, boatman, child, hedge_witch, scholar, lightkeeper]
  isle/data/quests.yaml:
    quest: [off_skerrow]
  isle/data/topics.yaml:
    topic: [the_starfall, old_skarth, the_waystone, the_beacon, grey_gull, havenmoor, the_tidemother]
  isle/data/watchers.yaml:
    watcher: [asked_about, befriended]
  isle/rules/bestiary.yaml:
    creature: [crab_swarm, weever, seal_bull, great_conger, wrecker, wrecker_captain, drowned_sailor, barrow_wight, salt_wraith, old_skarth, old_skarth_stirring]
    encounter: [drowned_on_the_strand, wreckers_on_the_cliff_path, wight_at_the_tower, skarth_wakes]
tombstones: []
